
Microsoft Visual Studio Solution File, Format Version 12.00
# Visual Studio Version 16
VisualStudioVersion = 16.0.29215.179
MinimumVisualStudioVersion = 10.0.40219.1
Project("{2150E333-8FDC-42A3-9474-1A3956D46DE8}") = "src", "src", "{61B00388-9312-4E16-A12D-9BD20A3C5A2C}"
EndProject
Project("{9A19103F-16F7-4668-BE54-9A1E7A4F7556}") = "StoreAPI", "src\StoreAPI\StoreAPI.csproj", "{E9B10CA7-7C18-457F-9DD3-2E2D38E4287A}"
EndProject
Global
	GlobalSection(SolutionConfigurationPlatforms) = preSolution
		Debug|Any CPU = Debug|Any CPU
		Release|Any CPU = Release|Any CPU
	EndGlobalSection
	GlobalSection(ProjectConfigurationPlatforms) = postSolution
		{E9B10CA7-7C18-457F-9DD3-2E2D38E4287A}.Debug|Any CPU.ActiveCfg = Debug|Any CPU
		{E9B10CA7-7C18-457F-9DD3-2E2D38E4287A}.Debug|Any CPU.Build.0 = Debug|Any CPU
		{E9B10CA7-7C18-457F-9DD3-2E2D38E4287A}.Release|Any CPU.ActiveCfg = Release|Any CPU
		{E9B10CA7-7C18-457F-9DD3-2E2D38E4287A}.Release|Any CPU.Build.0 = Release|Any CPU
	EndGlobalSection
	GlobalSection(SolutionProperties) = preSolution
		HideSolutionNode = FALSE
	EndGlobalSection
	GlobalSection(NestedProjects) = preSolution
		{E9B10CA7-7C18-457F-9DD3-2E2D38E4287A} = {61B00388-9312-4E16-A12D-9BD20A3C5A2C}
	EndGlobalSection
	GlobalSection(ExtensibilityGlobals) = postSolution
		SolutionGuid = {6525DE22-FA83-429A-9193-5E79974BCA14}
	EndGlobalSection
EndGlobal
