
Microsoft Visual Studio Solution File, Format Version 12.00
# Visual Studio Version 17
VisualStudioVersion = 17.1.32328.378
MinimumVisualStudioVersion = 10.0.40219.1
Project("{2150E333-8FDC-42A3-9474-1A3956D46DE8}") = "Core", "Core", "{CA29529A-B12E-4734-B7F7-C7E78D045956}"
EndProject
Project("{2150E333-8FDC-42A3-9474-1A3956D46DE8}") = "Application", "Application", "{26185716-B1D9-4086-859A-CD867B883571}"
EndProject
Project("{2150E333-8FDC-42A3-9474-1A3956D46DE8}") = "Domain", "Domain", "{09295CBE-BD2D-4E4B-A72F-7AE8954D6DBA}"
EndProject
Project("{2150E333-8FDC-42A3-9474-1A3956D46DE8}") = "Infrastructures", "Infrastructures", "{1744F08B-5E3D-4AB1-9CED-13AE9A075647}"
EndProject
Project("{2150E333-8FDC-42A3-9474-1A3956D46DE8}") = "Middleware", "Middleware", "{6A648C9D-70CD-4415-ADA3-DB0E28573749}"
EndProject
Project("{9A19103F-16F7-4668-BE54-9A1E7A4F7556}") = "Store.Core.Application", "src\Store.Core.Application\Store.Core.Application.csproj", "{50B874BE-0752-47B6-B053-B630BED26CCE}"
EndProject
Project("{9A19103F-16F7-4668-BE54-9A1E7A4F7556}") = "Store.Core.Domain", "src\Store.Core.Domain\Store.Core.Domain.csproj", "{6AED9AD4-0F1D-47E7-A24E-1D0334E06B4B}"
EndProject
Project("{9A19103F-16F7-4668-BE54-9A1E7A4F7556}") = "Store.Infrastructures.Data", "src\Store.Infrastructures.Data\Store.Infrastructures.Data.csproj", "{F91ECE6B-8151-47C1-8B25-08F70E1A0BCF}"
EndProject
Project("{9A19103F-16F7-4668-BE54-9A1E7A4F7556}") = "Store.Infrastructures.Services", "src\Store.Infrastructures.Services\Store.Infrastructures.Services.csproj", "{526C6EBD-43BC-4809-BB3C-9C53FD00D0D1}"
EndProject
Project("{9A19103F-16F7-4668-BE54-9A1E7A4F7556}") = "Store.Middleware", "src\Store.Middleware\Store.Middleware.csproj", "{61500D70-30CC-44AE-897C-60AEACA9BCE9}"
EndProject
Project("{2150E333-8FDC-42A3-9474-1A3956D46DE8}") = "Presentations", "Presentations", "{BDA5186A-57A4-4F49-8F7F-63C35B8AED3C}"
EndProject
Project("{2150E333-8FDC-42A3-9474-1A3956D46DE8}") = "Tests", "Tests", "{00387E9B-39F1-467A-8DBD-FD5D7CAB1E6F}"
EndProject
Project("{9A19103F-16F7-4668-BE54-9A1E7A4F7556}") = "Store.Tests", "src\Store.Tests\Store.Tests.csproj", "{38AF8229-731F-4E78-B681-8CF097169672}"
EndProject
Project("{2150E333-8FDC-42A3-9474-1A3956D46DE8}") = "Solution Items", "Solution Items", "{D1B66749-91B2-48FD-964A-092E00C37162}"
	ProjectSection(SolutionItems) = preProject
		baysoft.json = baysoft.json
		LICENSE = LICENSE
		README.md = README.md
	EndProjectSection
EndProject
Project("{9A19103F-16F7-4668-BE54-9A1E7A4F7556}") = "Store.Presentations.Web.SPA.ReactJS", "src\Store.Presentations.Web.SPA.ReactJS\Store.Presentations.Web.SPA.ReactJS.csproj", "{F901B2CC-4103-407D-BE0A-0B930EC5E746}"
EndProject
Project("{9A19103F-16F7-4668-BE54-9A1E7A4F7556}") = "Store.Presentations.Web.API", "src\Store.Presentations.Web.API\Store.Presentations.Web.API.csproj", "{62633B5C-9E11-47DC-961D-A77A0AEED1CC}"
EndProject
Global
	GlobalSection(SolutionConfigurationPlatforms) = preSolution
		Debug|Any CPU = Debug|Any CPU
		Release|Any CPU = Release|Any CPU
		Test|Any CPU = Test|Any CPU
	EndGlobalSection
	GlobalSection(ProjectConfigurationPlatforms) = postSolution
		{50B874BE-0752-47B6-B053-B630BED26CCE}.Debug|Any CPU.ActiveCfg = Debug|Any CPU
		{50B874BE-0752-47B6-B053-B630BED26CCE}.Debug|Any CPU.Build.0 = Debug|Any CPU
		{50B874BE-0752-47B6-B053-B630BED26CCE}.Release|Any CPU.ActiveCfg = Release|Any CPU
		{50B874BE-0752-47B6-B053-B630BED26CCE}.Release|Any CPU.Build.0 = Release|Any CPU
		{50B874BE-0752-47B6-B053-B630BED26CCE}.Test|Any CPU.ActiveCfg = Release|Any CPU
		{50B874BE-0752-47B6-B053-B630BED26CCE}.Test|Any CPU.Build.0 = Release|Any CPU
		{6AED9AD4-0F1D-47E7-A24E-1D0334E06B4B}.Debug|Any CPU.ActiveCfg = Debug|Any CPU
		{6AED9AD4-0F1D-47E7-A24E-1D0334E06B4B}.Debug|Any CPU.Build.0 = Debug|Any CPU
		{6AED9AD4-0F1D-47E7-A24E-1D0334E06B4B}.Release|Any CPU.ActiveCfg = Release|Any CPU
		{6AED9AD4-0F1D-47E7-A24E-1D0334E06B4B}.Release|Any CPU.Build.0 = Release|Any CPU
		{6AED9AD4-0F1D-47E7-A24E-1D0334E06B4B}.Test|Any CPU.ActiveCfg = Release|Any CPU
		{6AED9AD4-0F1D-47E7-A24E-1D0334E06B4B}.Test|Any CPU.Build.0 = Release|Any CPU
		{F91ECE6B-8151-47C1-8B25-08F70E1A0BCF}.Debug|Any CPU.ActiveCfg = Debug|Any CPU
		{F91ECE6B-8151-47C1-8B25-08F70E1A0BCF}.Debug|Any CPU.Build.0 = Debug|Any CPU
		{F91ECE6B-8151-47C1-8B25-08F70E1A0BCF}.Release|Any CPU.ActiveCfg = Release|Any CPU
		{F91ECE6B-8151-47C1-8B25-08F70E1A0BCF}.Release|Any CPU.Build.0 = Release|Any CPU
		{F91ECE6B-8151-47C1-8B25-08F70E1A0BCF}.Test|Any CPU.ActiveCfg = Release|Any CPU
		{F91ECE6B-8151-47C1-8B25-08F70E1A0BCF}.Test|Any CPU.Build.0 = Release|Any CPU
		{526C6EBD-43BC-4809-BB3C-9C53FD00D0D1}.Debug|Any CPU.ActiveCfg = Debug|Any CPU
		{526C6EBD-43BC-4809-BB3C-9C53FD00D0D1}.Debug|Any CPU.Build.0 = Debug|Any CPU
		{526C6EBD-43BC-4809-BB3C-9C53FD00D0D1}.Release|Any CPU.ActiveCfg = Release|Any CPU
		{526C6EBD-43BC-4809-BB3C-9C53FD00D0D1}.Release|Any CPU.Build.0 = Release|Any CPU
		{526C6EBD-43BC-4809-BB3C-9C53FD00D0D1}.Test|Any CPU.ActiveCfg = Release|Any CPU
		{526C6EBD-43BC-4809-BB3C-9C53FD00D0D1}.Test|Any CPU.Build.0 = Release|Any CPU
		{61500D70-30CC-44AE-897C-60AEACA9BCE9}.Debug|Any CPU.ActiveCfg = Debug|Any CPU
		{61500D70-30CC-44AE-897C-60AEACA9BCE9}.Debug|Any CPU.Build.0 = Debug|Any CPU
		{61500D70-30CC-44AE-897C-60AEACA9BCE9}.Release|Any CPU.ActiveCfg = Release|Any CPU
		{61500D70-30CC-44AE-897C-60AEACA9BCE9}.Release|Any CPU.Build.0 = Release|Any CPU
		{61500D70-30CC-44AE-897C-60AEACA9BCE9}.Test|Any CPU.ActiveCfg = Release|Any CPU
		{61500D70-30CC-44AE-897C-60AEACA9BCE9}.Test|Any CPU.Build.0 = Release|Any CPU
		{38AF8229-731F-4E78-B681-8CF097169672}.Debug|Any CPU.ActiveCfg = Debug|Any CPU
		{38AF8229-731F-4E78-B681-8CF097169672}.Debug|Any CPU.Build.0 = Debug|Any CPU
		{38AF8229-731F-4E78-B681-8CF097169672}.Release|Any CPU.ActiveCfg = Release|Any CPU
		{38AF8229-731F-4E78-B681-8CF097169672}.Release|Any CPU.Build.0 = Release|Any CPU
		{38AF8229-731F-4E78-B681-8CF097169672}.Test|Any CPU.ActiveCfg = Release|Any CPU
		{38AF8229-731F-4E78-B681-8CF097169672}.Test|Any CPU.Build.0 = Release|Any CPU
		{F901B2CC-4103-407D-BE0A-0B930EC5E746}.Debug|Any CPU.ActiveCfg = Debug|Any CPU
		{F901B2CC-4103-407D-BE0A-0B930EC5E746}.Debug|Any CPU.Build.0 = Debug|Any CPU
		{F901B2CC-4103-407D-BE0A-0B930EC5E746}.Release|Any CPU.ActiveCfg = Release|Any CPU
		{F901B2CC-4103-407D-BE0A-0B930EC5E746}.Release|Any CPU.Build.0 = Release|Any CPU
		{F901B2CC-4103-407D-BE0A-0B930EC5E746}.Test|Any CPU.ActiveCfg = Test|Any CPU
		{F901B2CC-4103-407D-BE0A-0B930EC5E746}.Test|Any CPU.Build.0 = Test|Any CPU
		{62633B5C-9E11-47DC-961D-A77A0AEED1CC}.Debug|Any CPU.ActiveCfg = Debug|Any CPU
		{62633B5C-9E11-47DC-961D-A77A0AEED1CC}.Debug|Any CPU.Build.0 = Debug|Any CPU
		{62633B5C-9E11-47DC-961D-A77A0AEED1CC}.Release|Any CPU.ActiveCfg = Release|Any CPU
		{62633B5C-9E11-47DC-961D-A77A0AEED1CC}.Release|Any CPU.Build.0 = Release|Any CPU
		{62633B5C-9E11-47DC-961D-A77A0AEED1CC}.Test|Any CPU.ActiveCfg = Debug|Any CPU
		{62633B5C-9E11-47DC-961D-A77A0AEED1CC}.Test|Any CPU.Build.0 = Debug|Any CPU
	EndGlobalSection
	GlobalSection(SolutionProperties) = preSolution
		HideSolutionNode = FALSE
	EndGlobalSection
	GlobalSection(NestedProjects) = preSolution
		{26185716-B1D9-4086-859A-CD867B883571} = {CA29529A-B12E-4734-B7F7-C7E78D045956}
		{09295CBE-BD2D-4E4B-A72F-7AE8954D6DBA} = {CA29529A-B12E-4734-B7F7-C7E78D045956}
		{50B874BE-0752-47B6-B053-B630BED26CCE} = {26185716-B1D9-4086-859A-CD867B883571}
		{6AED9AD4-0F1D-47E7-A24E-1D0334E06B4B} = {09295CBE-BD2D-4E4B-A72F-7AE8954D6DBA}
		{F91ECE6B-8151-47C1-8B25-08F70E1A0BCF} = {1744F08B-5E3D-4AB1-9CED-13AE9A075647}
		{526C6EBD-43BC-4809-BB3C-9C53FD00D0D1} = {1744F08B-5E3D-4AB1-9CED-13AE9A075647}
		{61500D70-30CC-44AE-897C-60AEACA9BCE9} = {6A648C9D-70CD-4415-ADA3-DB0E28573749}
		{38AF8229-731F-4E78-B681-8CF097169672} = {00387E9B-39F1-467A-8DBD-FD5D7CAB1E6F}
		{F901B2CC-4103-407D-BE0A-0B930EC5E746} = {BDA5186A-57A4-4F49-8F7F-63C35B8AED3C}
		{62633B5C-9E11-47DC-961D-A77A0AEED1CC} = {BDA5186A-57A4-4F49-8F7F-63C35B8AED3C}
	EndGlobalSection
	GlobalSection(ExtensibilityGlobals) = postSolution
		SolutionGuid = {F353D0D2-9B4B-45B6-BAC3-C859546D360D}
	EndGlobalSection
EndGlobal
