
Microsoft Visual Studio Solution File, Format Version 12.00
# Visual Studio Version 17
VisualStudioVersion = 17.4.33403.182
MinimumVisualStudioVersion = 10.0.40219.1
Project("{2150E333-8FDC-42A3-9474-1A3956D46DE8}") = "src", "src", "{61B00388-9312-4E16-A12D-9BD20A3C5A2C}"
EndProject
Project("{9A19103F-16F7-4668-BE54-9A1E7A4F7556}") = "Store.Presentations.WebAPI", "src\Store.Presentations.WebAPI\Store.Presentations.WebAPI.csproj", "{E9B10CA7-7C18-457F-9DD3-2E2D38E4287A}"
EndProject
Project("{2150E333-8FDC-42A3-9474-1A3956D46DE8}") = "Core", "Core", "{400BB916-1C29-44B1-9ECD-8C8FED5D63C3}"
EndProject
Project("{2150E333-8FDC-42A3-9474-1A3956D46DE8}") = "Middleware", "Middleware", "{41C328D4-22A1-4FAC-82E6-24A28B01826A}"
EndProject
Project("{2150E333-8FDC-42A3-9474-1A3956D46DE8}") = "Presentations", "Presentations", "{996255B2-FAC6-4504-979A-4778E546C231}"
EndProject
Project("{9A19103F-16F7-4668-BE54-9A1E7A4F7556}") = "Store.Core.Application", "src\Store.Core.Application\Store.Core.Application.csproj", "{1C928E8B-BE28-425F-BD65-EAF681F74F7B}"
EndProject
Project("{9A19103F-16F7-4668-BE54-9A1E7A4F7556}") = "Store.Infrastructures.Data", "src\Store.Infrastructures.Data\Store.Infrastructures.Data.csproj", "{139C414B-5855-4D50-A894-1E5CCA164086}"
EndProject
Project("{9A19103F-16F7-4668-BE54-9A1E7A4F7556}") = "Store.Middleware", "src\Store.Middleware\Store.Middleware.csproj", "{8E4B8079-905D-4B52-B368-C1855DFDBB6C}"
EndProject
Project("{2150E333-8FDC-42A3-9474-1A3956D46DE8}") = "Infrastructures", "Infrastructures", "{59E86E1B-52F2-4F10-8084-225038DCE18E}"
EndProject
Project("{9A19103F-16F7-4668-BE54-9A1E7A4F7556}") = "Store.Core.Domain", "src\Store.Core.Domain\Store.Core.Domain.csproj", "{90DFF760-0D0B-4C03-A2C9-A3ACD380D71E}"
EndProject
Project("{9A19103F-16F7-4668-BE54-9A1E7A4F7556}") = "Store.Infrastructures.Services", "src\Store.Infrastructures.Services\Store.Infrastructures.Services.csproj", "{8F6775E1-6DB7-46E8-8C13-D152547B1AAE}"
EndProject
Project("{2150E333-8FDC-42A3-9474-1A3956D46DE8}") = "Application", "Application", "{72AD4651-C33A-4937-A362-AC21A8EF8E3D}"
EndProject
Project("{2150E333-8FDC-42A3-9474-1A3956D46DE8}") = "Domain", "Domain", "{1ECAB0CD-7E9F-4BEF-ACDE-45DB9BC543EC}"
EndProject
Project("{9A19103F-16F7-4668-BE54-9A1E7A4F7556}") = "Store.Presentations.CommandConsole", "src\Store.Presentations.CommandConsole\Store.Presentations.CommandConsole.csproj", "{B5D22C49-5F2F-4965-820D-D108D8F60F7F}"
EndProject
Project("{2150E333-8FDC-42A3-9474-1A3956D46DE8}") = "Shared", "Shared", "{8DDA2516-88E0-413A-A987-DB679F83E27A}"
EndProject
Project("{9A19103F-16F7-4668-BE54-9A1E7A4F7556}") = "ModelWrapper", "..\ModelWrapper\src\ModelWrapper\ModelWrapper.csproj", "{B54C526C-AABC-426A-9AEC-97F964A96626}"
EndProject
Project("{9A19103F-16F7-4668-BE54-9A1E7A4F7556}") = "BAYSOFT.Abstractions", "..\baysoft-abstractions\src\BAYSOFT.Abstractions\BAYSOFT.Abstractions.csproj", "{D601B71A-7DAA-4503-A26B-ABFF3B9856F3}"
EndProject
Global
	GlobalSection(SolutionConfigurationPlatforms) = preSolution
		Debug|Any CPU = Debug|Any CPU
		Release|Any CPU = Release|Any CPU
	EndGlobalSection
	GlobalSection(ProjectConfigurationPlatforms) = postSolution
		{E9B10CA7-7C18-457F-9DD3-2E2D38E4287A}.Debug|Any CPU.ActiveCfg = Debug|Any CPU
		{E9B10CA7-7C18-457F-9DD3-2E2D38E4287A}.Debug|Any CPU.Build.0 = Debug|Any CPU
		{E9B10CA7-7C18-457F-9DD3-2E2D38E4287A}.Release|Any CPU.ActiveCfg = Release|Any CPU
		{E9B10CA7-7C18-457F-9DD3-2E2D38E4287A}.Release|Any CPU.Build.0 = Release|Any CPU
		{1C928E8B-BE28-425F-BD65-EAF681F74F7B}.Debug|Any CPU.ActiveCfg = Debug|Any CPU
		{1C928E8B-BE28-425F-BD65-EAF681F74F7B}.Debug|Any CPU.Build.0 = Debug|Any CPU
		{1C928E8B-BE28-425F-BD65-EAF681F74F7B}.Release|Any CPU.ActiveCfg = Release|Any CPU
		{1C928E8B-BE28-425F-BD65-EAF681F74F7B}.Release|Any CPU.Build.0 = Release|Any CPU
		{139C414B-5855-4D50-A894-1E5CCA164086}.Debug|Any CPU.ActiveCfg = Debug|Any CPU
		{139C414B-5855-4D50-A894-1E5CCA164086}.Debug|Any CPU.Build.0 = Debug|Any CPU
		{139C414B-5855-4D50-A894-1E5CCA164086}.Release|Any CPU.ActiveCfg = Release|Any CPU
		{139C414B-5855-4D50-A894-1E5CCA164086}.Release|Any CPU.Build.0 = Release|Any CPU
		{8E4B8079-905D-4B52-B368-C1855DFDBB6C}.Debug|Any CPU.ActiveCfg = Debug|Any CPU
		{8E4B8079-905D-4B52-B368-C1855DFDBB6C}.Debug|Any CPU.Build.0 = Debug|Any CPU
		{8E4B8079-905D-4B52-B368-C1855DFDBB6C}.Release|Any CPU.ActiveCfg = Release|Any CPU
		{8E4B8079-905D-4B52-B368-C1855DFDBB6C}.Release|Any CPU.Build.0 = Release|Any CPU
		{90DFF760-0D0B-4C03-A2C9-A3ACD380D71E}.Debug|Any CPU.ActiveCfg = Debug|Any CPU
		{90DFF760-0D0B-4C03-A2C9-A3ACD380D71E}.Debug|Any CPU.Build.0 = Debug|Any CPU
		{90DFF760-0D0B-4C03-A2C9-A3ACD380D71E}.Release|Any CPU.ActiveCfg = Release|Any CPU
		{90DFF760-0D0B-4C03-A2C9-A3ACD380D71E}.Release|Any CPU.Build.0 = Release|Any CPU
		{8F6775E1-6DB7-46E8-8C13-D152547B1AAE}.Debug|Any CPU.ActiveCfg = Debug|Any CPU
		{8F6775E1-6DB7-46E8-8C13-D152547B1AAE}.Debug|Any CPU.Build.0 = Debug|Any CPU
		{8F6775E1-6DB7-46E8-8C13-D152547B1AAE}.Release|Any CPU.ActiveCfg = Release|Any CPU
		{8F6775E1-6DB7-46E8-8C13-D152547B1AAE}.Release|Any CPU.Build.0 = Release|Any CPU
		{B5D22C49-5F2F-4965-820D-D108D8F60F7F}.Debug|Any CPU.ActiveCfg = Debug|Any CPU
		{B5D22C49-5F2F-4965-820D-D108D8F60F7F}.Debug|Any CPU.Build.0 = Debug|Any CPU
		{B5D22C49-5F2F-4965-820D-D108D8F60F7F}.Release|Any CPU.ActiveCfg = Release|Any CPU
		{B5D22C49-5F2F-4965-820D-D108D8F60F7F}.Release|Any CPU.Build.0 = Release|Any CPU
		{B54C526C-AABC-426A-9AEC-97F964A96626}.Debug|Any CPU.ActiveCfg = Debug|Any CPU
		{B54C526C-AABC-426A-9AEC-97F964A96626}.Debug|Any CPU.Build.0 = Debug|Any CPU
		{B54C526C-AABC-426A-9AEC-97F964A96626}.Release|Any CPU.ActiveCfg = Release|Any CPU
		{B54C526C-AABC-426A-9AEC-97F964A96626}.Release|Any CPU.Build.0 = Release|Any CPU
		{D601B71A-7DAA-4503-A26B-ABFF3B9856F3}.Debug|Any CPU.ActiveCfg = Debug|Any CPU
		{D601B71A-7DAA-4503-A26B-ABFF3B9856F3}.Debug|Any CPU.Build.0 = Debug|Any CPU
		{D601B71A-7DAA-4503-A26B-ABFF3B9856F3}.Release|Any CPU.ActiveCfg = Release|Any CPU
		{D601B71A-7DAA-4503-A26B-ABFF3B9856F3}.Release|Any CPU.Build.0 = Release|Any CPU
	EndGlobalSection
	GlobalSection(SolutionProperties) = preSolution
		HideSolutionNode = FALSE
	EndGlobalSection
	GlobalSection(NestedProjects) = preSolution
		{E9B10CA7-7C18-457F-9DD3-2E2D38E4287A} = {996255B2-FAC6-4504-979A-4778E546C231}
		{400BB916-1C29-44B1-9ECD-8C8FED5D63C3} = {61B00388-9312-4E16-A12D-9BD20A3C5A2C}
		{41C328D4-22A1-4FAC-82E6-24A28B01826A} = {61B00388-9312-4E16-A12D-9BD20A3C5A2C}
		{996255B2-FAC6-4504-979A-4778E546C231} = {61B00388-9312-4E16-A12D-9BD20A3C5A2C}
		{1C928E8B-BE28-425F-BD65-EAF681F74F7B} = {72AD4651-C33A-4937-A362-AC21A8EF8E3D}
		{139C414B-5855-4D50-A894-1E5CCA164086} = {59E86E1B-52F2-4F10-8084-225038DCE18E}
		{8E4B8079-905D-4B52-B368-C1855DFDBB6C} = {41C328D4-22A1-4FAC-82E6-24A28B01826A}
		{59E86E1B-52F2-4F10-8084-225038DCE18E} = {61B00388-9312-4E16-A12D-9BD20A3C5A2C}
		{90DFF760-0D0B-4C03-A2C9-A3ACD380D71E} = {1ECAB0CD-7E9F-4BEF-ACDE-45DB9BC543EC}
		{8F6775E1-6DB7-46E8-8C13-D152547B1AAE} = {59E86E1B-52F2-4F10-8084-225038DCE18E}
		{72AD4651-C33A-4937-A362-AC21A8EF8E3D} = {400BB916-1C29-44B1-9ECD-8C8FED5D63C3}
		{1ECAB0CD-7E9F-4BEF-ACDE-45DB9BC543EC} = {400BB916-1C29-44B1-9ECD-8C8FED5D63C3}
		{B5D22C49-5F2F-4965-820D-D108D8F60F7F} = {996255B2-FAC6-4504-979A-4778E546C231}
		{8DDA2516-88E0-413A-A987-DB679F83E27A} = {61B00388-9312-4E16-A12D-9BD20A3C5A2C}
		{B54C526C-AABC-426A-9AEC-97F964A96626} = {8DDA2516-88E0-413A-A987-DB679F83E27A}
		{D601B71A-7DAA-4503-A26B-ABFF3B9856F3} = {8DDA2516-88E0-413A-A987-DB679F83E27A}
	EndGlobalSection
	GlobalSection(ExtensibilityGlobals) = postSolution
		SolutionGuid = {6525DE22-FA83-429A-9193-5E79974BCA14}
	EndGlobalSection
EndGlobal
